// !$*UTF8*$!
{
	archiveVersion = 1;
	classes = {
	};
	objectVersion = 56;
	objects = {

/* Begin PBXBuildFile section */
		8F128AF2294D0BCA002D3801 /* CodeScanner in Frameworks */ = {isa = PBXBuildFile; platformFilter = ios; productRef = 8F128AF1294D0BCA002D3801 /* CodeScanner */; };
		8F128AF5294D1BF5002D3801 /* TicketCodes.swift in Sources */ = {isa = PBXBuildFile; fileRef = 8F128AF4294D1BF5002D3801 /* TicketCodes.swift */; };
		8F2B6710294F998100C8FA2C /* PersonenView.swift in Sources */ = {isa = PBXBuildFile; fileRef = 8F2B670F294F998100C8FA2C /* PersonenView.swift */; };
		8F2B6712294F9C7F00C8FA2C /* PersonDetailView.swift in Sources */ = {isa = PBXBuildFile; fileRef = 8F2B6711294F9C7F00C8FA2C /* PersonDetailView.swift */; };
		8F2DAE16297F272000B61A22 /* Email_Q2_Angekommen.swift in Sources */ = {isa = PBXBuildFile; fileRef = 8F2DAE15297F272000B61A22 /* Email_Q2_Angekommen.swift */; };
		8F68425529550B1600557BB6 /* CloudAccess.swift in Sources */ = {isa = PBXBuildFile; fileRef = 8F68425429550B1600557BB6 /* CloudAccess.swift */; };
		8F68425729550BC300557BB6 /* Verwaltung.swift in Sources */ = {isa = PBXBuildFile; fileRef = 8F68425629550BC300557BB6 /* Verwaltung.swift */; };
		8F68A58A295B1CD900CAFAD6 /* CloudAvailability.swift in Sources */ = {isa = PBXBuildFile; fileRef = 8F68A589295B1CD900CAFAD6 /* CloudAvailability.swift */; };
		8F794F2C295CD8C1007B16EB /* Aktion_sendTickets.swift in Sources */ = {isa = PBXBuildFile; fileRef = 8F794F2B295CD8C1007B16EB /* Aktion_sendTickets.swift */; };
		8F794F31295CF22F007B16EB /* Aktion_ImportTransaktionen.swift in Sources */ = {isa = PBXBuildFile; fileRef = 8F794F30295CF22F007B16EB /* Aktion_ImportTransaktionen.swift */; };
		8F7B13E7296337A600B04F9D /* QRCodeGenerator in Frameworks */ = {isa = PBXBuildFile; productRef = 8F7B13E6296337A600B04F9D /* QRCodeGenerator */; };
		8F7FB049294E4297005F4551 /* FormularMail.swift in Sources */ = {isa = PBXBuildFile; fileRef = 8F7FB048294E4297005F4551 /* FormularMail.swift */; };
		8F7FB843295E3AD6001EC0C0 /* main.swift in Sources */ = {isa = PBXBuildFile; fileRef = 8F7FB842295E3AD6001EC0C0 /* main.swift */; };
		8F7FB848295E3AFC001EC0C0 /* secrets.swift in Sources */ = {isa = PBXBuildFile; fileRef = 8FD6455E294D014700D746F8 /* secrets.swift */; };
		8F7FB849295E3B2F001EC0C0 /* Extensions.swift in Sources */ = {isa = PBXBuildFile; fileRef = 8FE0073C295880E700E1B355 /* Extensions.swift */; };
		8F80BCB52975E89300E733B1 /* personenExportieren.swift in Sources */ = {isa = PBXBuildFile; fileRef = 8F80BCB42975E89300E733B1 /* personenExportieren.swift */; };
		8F8521F12959DB0600854E16 /* AktionObserver.swift in Sources */ = {isa = PBXBuildFile; fileRef = 8F8521F02959DB0600854E16 /* AktionObserver.swift */; };
		8F8521F32959DB5500854E16 /* Aktion_sendFormEmails.swift in Sources */ = {isa = PBXBuildFile; fileRef = 8F8521F22959DB5500854E16 /* Aktion_sendFormEmails.swift */; };
		8F8521F52959E27400854E16 /* AktionLogView.swift in Sources */ = {isa = PBXBuildFile; fileRef = 8F8521F42959E27400854E16 /* AktionLogView.swift */; };
		8F8521F72959E49200854E16 /* Aktion_fetchFromGoogleForm.swift in Sources */ = {isa = PBXBuildFile; fileRef = 8F8521F62959E49200854E16 /* Aktion_fetchFromGoogleForm.swift */; };
		8F8521F9295A2B2100854E16 /* CloudView.swift in Sources */ = {isa = PBXBuildFile; fileRef = 8F8521F8295A2B2100854E16 /* CloudView.swift */; };
		8F99E9AD295E15E9003B79DD /* Aktion_FuelleTickets.swift in Sources */ = {isa = PBXBuildFile; fileRef = 8F99E9AC295E15E9003B79DD /* Aktion_FuelleTickets.swift */; };
		8F99E9AF295E2845003B79DD /* Crypto.swift in Sources */ = {isa = PBXBuildFile; fileRef = 8F99E9AE295E2845003B79DD /* Crypto.swift */; };
		8FA1C123297D7CE90049EB21 /* SwiftCSV in Frameworks */ = {isa = PBXBuildFile; productRef = 8FA1C122297D7CE90049EB21 /* SwiftCSV */; };
		8FA408002969A73B005BC839 /* DataImportView.swift in Sources */ = {isa = PBXBuildFile; fileRef = 8FA407FF2969A73B005BC839 /* DataImportView.swift */; };
		8FA408022969D4CE005BC839 /* Aktion_Valid.swift in Sources */ = {isa = PBXBuildFile; fileRef = 8FA408012969D4CE005BC839 /* Aktion_Valid.swift */; };
		8FA603942948CE99001CC2D2 /* VerkaufsTrackerApp.swift in Sources */ = {isa = PBXBuildFile; fileRef = 8FA603932948CE99001CC2D2 /* VerkaufsTrackerApp.swift */; };
		8FA603962948CE99001CC2D2 /* DebugView.swift in Sources */ = {isa = PBXBuildFile; fileRef = 8FA603952948CE99001CC2D2 /* DebugView.swift */; };
		8FA603982948CE9A001CC2D2 /* Assets.xcassets in Resources */ = {isa = PBXBuildFile; fileRef = 8FA603972948CE9A001CC2D2 /* Assets.xcassets */; };
		8FA6039C2948CE9A001CC2D2 /* Preview Assets.xcassets in Resources */ = {isa = PBXBuildFile; fileRef = 8FA6039B2948CE9A001CC2D2 /* Preview Assets.xcassets */; };
		8FA603A42948CFA5001CC2D2 /* Person.swift in Sources */ = {isa = PBXBuildFile; fileRef = 8FA603A32948CFA5001CC2D2 /* Person.swift */; };
		8FA603A62948D02E001CC2D2 /* Item.swift in Sources */ = {isa = PBXBuildFile; fileRef = 8FA603A52948D02E001CC2D2 /* Item.swift */; };
		8FA603A82948D31B001CC2D2 /* Zahlungen.swift in Sources */ = {isa = PBXBuildFile; fileRef = 8FA603A72948D31B001CC2D2 /* Zahlungen.swift */; };
		8FA8796E29F5AC7D00C58A82 /* ASPTicketBackground.swift in Sources */ = {isa = PBXBuildFile; fileRef = 8FA8796D29F5AC7D00C58A82 /* ASPTicketBackground.swift */; };
		8FA8797029F5AD6800C58A82 /* SchullogoSVG.swift in Sources */ = {isa = PBXBuildFile; fileRef = 8FA8796F29F5AD6800C58A82 /* SchullogoSVG.swift */; };
		8FB1EDB529806E4B00DB37DB /* Email_LE_Angekommen.swift in Sources */ = {isa = PBXBuildFile; fileRef = 8FB1EDB429806E4B00DB37DB /* Email_LE_Angekommen.swift */; };
		8FBA1BF1298040F900C4559B /* Aktion_sendeAngekommen.swift in Sources */ = {isa = PBXBuildFile; fileRef = 8FBA1BF0298040F900C4559B /* Aktion_sendeAngekommen.swift */; };
		8FBE08062958D6D00076AC2D /* Navbar.swift in Sources */ = {isa = PBXBuildFile; fileRef = 8FBE08052958D6D00076AC2D /* Navbar.swift */; };
		8FBE08082958D9CE0076AC2D /* AktionenView.swift in Sources */ = {isa = PBXBuildFile; fileRef = 8FBE08072958D9CE0076AC2D /* AktionenView.swift */; };
		8FBE080A2958DA6A0076AC2D /* PersonenActionView.swift in Sources */ = {isa = PBXBuildFile; fileRef = 8FBE08092958DA6A0076AC2D /* PersonenActionView.swift */; };
		8FBE080C2958ECDE0076AC2D /* StatsView.swift in Sources */ = {isa = PBXBuildFile; fileRef = 8FBE080B2958ECDE0076AC2D /* StatsView.swift */; };
		8FC643CE297D7530004D3CBB /* verarbeiteZahlungen.swift in Sources */ = {isa = PBXBuildFile; fileRef = 8FC643CD297D7530004D3CBB /* verarbeiteZahlungen.swift */; };
		8FC643D0297D7891004D3CBB /* ZahlungsImportOptionen.swift in Sources */ = {isa = PBXBuildFile; fileRef = 8FC643CF297D7891004D3CBB /* ZahlungsImportOptionen.swift */; };
		8FD6455A294CFD6E00D746F8 /* SwiftSMTP in Frameworks */ = {isa = PBXBuildFile; productRef = 8FD64559294CFD6E00D746F8 /* SwiftSMTP */; };
		8FD6455C294CFD7C00D746F8 /* EmailManager.swift in Sources */ = {isa = PBXBuildFile; fileRef = 8FD6455B294CFD7C00D746F8 /* EmailManager.swift */; };
		8FD6455F294D014700D746F8 /* secrets.swift in Sources */ = {isa = PBXBuildFile; fileRef = 8FD6455E294D014700D746F8 /* secrets.swift */; };
		8FD69E4329565A4D001F4787 /* Q2er.swift in Sources */ = {isa = PBXBuildFile; fileRef = 8FD69E4229565A4D001F4787 /* Q2er.swift */; };
		8FD69E4529565A55001F4787 /* Lehrer.swift in Sources */ = {isa = PBXBuildFile; fileRef = 8FD69E4429565A55001F4787 /* Lehrer.swift */; };
		8FD9C4EF2967143600E78ACB /* Email_Q2_Bezahl.swift in Sources */ = {isa = PBXBuildFile; fileRef = 8FD9C4EE2967143600E78ACB /* Email_Q2_Bezahl.swift */; };
		8FD9C4F12967427B00E78ACB /* Aktion_sendeBezahlEmail.swift in Sources */ = {isa = PBXBuildFile; fileRef = 8FD9C4F02967427B00E78ACB /* Aktion_sendeBezahlEmail.swift */; };
		8FE0073D295880E700E1B355 /* Extensions.swift in Sources */ = {isa = PBXBuildFile; fileRef = 8FE0073C295880E700E1B355 /* Extensions.swift */; };
		8FE0073F2958857400E1B355 /* Ticket.swift in Sources */ = {isa = PBXBuildFile; fileRef = 8FE0073E2958857400E1B355 /* Ticket.swift */; };
		8FE0074129589B1E00E1B355 /* TicketRenderer.swift in Sources */ = {isa = PBXBuildFile; fileRef = 8FE0074029589B1E00E1B355 /* TicketRenderer.swift */; };
		8FEB26142964B8550032FDE8 /* ScannerView.swift in Sources */ = {isa = PBXBuildFile; fileRef = 8FEB26132964B8550032FDE8 /* ScannerView.swift */; };
		8FFBA2FB2968188A005E5A57 /* Email_Q2_Form.swift in Sources */ = {isa = PBXBuildFile; fileRef = 8FFBA2FA2968188A005E5A57 /* Email_Q2_Form.swift */; };
		8FFBA2FD296819BA005E5A57 /* TicketGenerator.swift in Sources */ = {isa = PBXBuildFile; fileRef = 8FFBA2FC296819BA005E5A57 /* TicketGenerator.swift */; };
		8FFBA2FF29681A8E005E5A57 /* Email_Q2_Ticket.swift in Sources */ = {isa = PBXBuildFile; fileRef = 8FFBA2FE29681A8E005E5A57 /* Email_Q2_Ticket.swift */; };
		8FFBA30129681B9E005E5A57 /* Codable_Verwaltung.swift in Sources */ = {isa = PBXBuildFile; fileRef = 8FFBA30029681B9E005E5A57 /* Codable_Verwaltung.swift */; };
		8FFBA30329681DC5005E5A57 /* Aktion_verteileItems.swift in Sources */ = {isa = PBXBuildFile; fileRef = 8FFBA30229681DC5005E5A57 /* Aktion_verteileItems.swift */; };
		8FFBA30629689210005E5A57 /* BallTicketBackground.swift in Sources */ = {isa = PBXBuildFile; fileRef = 8FFBA30529689210005E5A57 /* BallTicketBackground.swift */; };
		8FFBA30829689493005E5A57 /* Email_LE_Form.swift in Sources */ = {isa = PBXBuildFile; fileRef = 8FFBA30729689493005E5A57 /* Email_LE_Form.swift */; };
		8FFBA30A296894A1005E5A57 /* Email_LE_Bezahl.swift in Sources */ = {isa = PBXBuildFile; fileRef = 8FFBA309296894A1005E5A57 /* Email_LE_Bezahl.swift */; };
		8FFBA30C296894B1005E5A57 /* Email_LE_Ticket.swift in Sources */ = {isa = PBXBuildFile; fileRef = 8FFBA30B296894B1005E5A57 /* Email_LE_Ticket.swift */; };
		8FFBA30D2968CAD9005E5A57 /* Crypto.swift in Sources */ = {isa = PBXBuildFile; fileRef = 8F99E9AE295E2845003B79DD /* Crypto.swift */; };
/* End PBXBuildFile section */

/* Begin PBXCopyFilesBuildPhase section */
		8F7FB83E295E3AD6001EC0C0 /* CopyFiles */ = {
			isa = PBXCopyFilesBuildPhase;
			buildActionMask = 2147483647;
			dstPath = /usr/share/man/man1/;
			dstSubfolderSpec = 0;
			files = (
			);
			runOnlyForDeploymentPostprocessing = 1;
		};
/* End PBXCopyFilesBuildPhase section */

/* Begin PBXFileReference section */
		8F128AF3294D0C74002D3801 /* Info.plist */ = {isa = PBXFileReference; lastKnownFileType = text.plist; path = Info.plist; sourceTree = "<group>"; };
		8F128AF4294D1BF5002D3801 /* TicketCodes.swift */ = {isa = PBXFileReference; lastKnownFileType = sourcecode.swift; path = TicketCodes.swift; sourceTree = "<group>"; };
		8F2B670F294F998100C8FA2C /* PersonenView.swift */ = {isa = PBXFileReference; lastKnownFileType = sourcecode.swift; path = PersonenView.swift; sourceTree = "<group>"; };
		8F2B6711294F9C7F00C8FA2C /* PersonDetailView.swift */ = {isa = PBXFileReference; lastKnownFileType = sourcecode.swift; path = PersonDetailView.swift; sourceTree = "<group>"; };
		8F2DAE15297F272000B61A22 /* Email_Q2_Angekommen.swift */ = {isa = PBXFileReference; lastKnownFileType = sourcecode.swift; path = Email_Q2_Angekommen.swift; sourceTree = "<group>"; };
		8F68425429550B1600557BB6 /* CloudAccess.swift */ = {isa = PBXFileReference; lastKnownFileType = sourcecode.swift; path = CloudAccess.swift; sourceTree = "<group>"; };
		8F68425629550BC300557BB6 /* Verwaltung.swift */ = {isa = PBXFileReference; lastKnownFileType = sourcecode.swift; path = Verwaltung.swift; sourceTree = "<group>"; };
		8F68A589295B1CD900CAFAD6 /* CloudAvailability.swift */ = {isa = PBXFileReference; lastKnownFileType = sourcecode.swift; path = CloudAvailability.swift; sourceTree = "<group>"; };
		8F794F2B295CD8C1007B16EB /* Aktion_sendTickets.swift */ = {isa = PBXFileReference; lastKnownFileType = sourcecode.swift; path = Aktion_sendTickets.swift; sourceTree = "<group>"; };
		8F794F30295CF22F007B16EB /* Aktion_ImportTransaktionen.swift */ = {isa = PBXFileReference; lastKnownFileType = sourcecode.swift; path = Aktion_ImportTransaktionen.swift; sourceTree = "<group>"; };
		8F7FB048294E4297005F4551 /* FormularMail.swift */ = {isa = PBXFileReference; lastKnownFileType = sourcecode.swift; path = FormularMail.swift; sourceTree = "<group>"; };
		8F7FB840295E3AD6001EC0C0 /* ReadLog */ = {isa = PBXFileReference; explicitFileType = "compiled.mach-o.executable"; includeInIndex = 0; path = ReadLog; sourceTree = BUILT_PRODUCTS_DIR; };
		8F7FB842295E3AD6001EC0C0 /* main.swift */ = {isa = PBXFileReference; lastKnownFileType = sourcecode.swift; path = main.swift; sourceTree = "<group>"; };
		8F7FB847295E3AEB001EC0C0 /* ReadLog.entitlements */ = {isa = PBXFileReference; lastKnownFileType = text.plist.entitlements; path = ReadLog.entitlements; sourceTree = "<group>"; };
		8F80BCB42975E89300E733B1 /* personenExportieren.swift */ = {isa = PBXFileReference; lastKnownFileType = sourcecode.swift; path = personenExportieren.swift; sourceTree = "<group>"; };
		8F8521F02959DB0600854E16 /* AktionObserver.swift */ = {isa = PBXFileReference; lastKnownFileType = sourcecode.swift; path = AktionObserver.swift; sourceTree = "<group>"; };
		8F8521F22959DB5500854E16 /* Aktion_sendFormEmails.swift */ = {isa = PBXFileReference; lastKnownFileType = sourcecode.swift; path = Aktion_sendFormEmails.swift; sourceTree = "<group>"; };
		8F8521F42959E27400854E16 /* AktionLogView.swift */ = {isa = PBXFileReference; lastKnownFileType = sourcecode.swift; path = AktionLogView.swift; sourceTree = "<group>"; };
		8F8521F62959E49200854E16 /* Aktion_fetchFromGoogleForm.swift */ = {isa = PBXFileReference; lastKnownFileType = sourcecode.swift; path = Aktion_fetchFromGoogleForm.swift; sourceTree = "<group>"; };
		8F8521F8295A2B2100854E16 /* CloudView.swift */ = {isa = PBXFileReference; lastKnownFileType = sourcecode.swift; path = CloudView.swift; sourceTree = "<group>"; };
		8F99E9AC295E15E9003B79DD /* Aktion_FuelleTickets.swift */ = {isa = PBXFileReference; lastKnownFileType = sourcecode.swift; path = Aktion_FuelleTickets.swift; sourceTree = "<group>"; };
		8F99E9AE295E2845003B79DD /* Crypto.swift */ = {isa = PBXFileReference; lastKnownFileType = sourcecode.swift; path = Crypto.swift; sourceTree = "<group>"; };
		8FA407FF2969A73B005BC839 /* DataImportView.swift */ = {isa = PBXFileReference; lastKnownFileType = sourcecode.swift; path = DataImportView.swift; sourceTree = "<group>"; };
		8FA408012969D4CE005BC839 /* Aktion_Valid.swift */ = {isa = PBXFileReference; lastKnownFileType = sourcecode.swift; path = Aktion_Valid.swift; sourceTree = "<group>"; };
		8FA603902948CE99001CC2D2 /* VerkaufsTracker.app */ = {isa = PBXFileReference; explicitFileType = wrapper.application; includeInIndex = 0; path = VerkaufsTracker.app; sourceTree = BUILT_PRODUCTS_DIR; };
		8FA603932948CE99001CC2D2 /* VerkaufsTrackerApp.swift */ = {isa = PBXFileReference; lastKnownFileType = sourcecode.swift; path = VerkaufsTrackerApp.swift; sourceTree = "<group>"; };
		8FA603952948CE99001CC2D2 /* DebugView.swift */ = {isa = PBXFileReference; lastKnownFileType = sourcecode.swift; path = DebugView.swift; sourceTree = "<group>"; };
		8FA603972948CE9A001CC2D2 /* Assets.xcassets */ = {isa = PBXFileReference; lastKnownFileType = folder.assetcatalog; path = Assets.xcassets; sourceTree = "<group>"; };
		8FA603992948CE9A001CC2D2 /* VerkaufsTracker.entitlements */ = {isa = PBXFileReference; lastKnownFileType = text.plist.entitlements; path = VerkaufsTracker.entitlements; sourceTree = "<group>"; };
		8FA6039B2948CE9A001CC2D2 /* Preview Assets.xcassets */ = {isa = PBXFileReference; lastKnownFileType = folder.assetcatalog; path = "Preview Assets.xcassets"; sourceTree = "<group>"; };
		8FA603A32948CFA5001CC2D2 /* Person.swift */ = {isa = PBXFileReference; lastKnownFileType = sourcecode.swift; path = Person.swift; sourceTree = "<group>"; };
		8FA603A52948D02E001CC2D2 /* Item.swift */ = {isa = PBXFileReference; lastKnownFileType = sourcecode.swift; path = Item.swift; sourceTree = "<group>"; };
		8FA603A72948D31B001CC2D2 /* Zahlungen.swift */ = {isa = PBXFileReference; lastKnownFileType = sourcecode.swift; path = Zahlungen.swift; sourceTree = "<group>"; };
		8FA8796D29F5AC7D00C58A82 /* ASPTicketBackground.swift */ = {isa = PBXFileReference; lastKnownFileType = sourcecode.swift; path = ASPTicketBackground.swift; sourceTree = "<group>"; };
		8FA8796F29F5AD6800C58A82 /* SchullogoSVG.swift */ = {isa = PBXFileReference; lastKnownFileType = sourcecode.swift; path = SchullogoSVG.swift; sourceTree = "<group>"; };
		8FB1EDB429806E4B00DB37DB /* Email_LE_Angekommen.swift */ = {isa = PBXFileReference; lastKnownFileType = sourcecode.swift; path = Email_LE_Angekommen.swift; sourceTree = "<group>"; };
		8FBA1BF0298040F900C4559B /* Aktion_sendeAngekommen.swift */ = {isa = PBXFileReference; lastKnownFileType = sourcecode.swift; path = Aktion_sendeAngekommen.swift; sourceTree = "<group>"; };
		8FBE08052958D6D00076AC2D /* Navbar.swift */ = {isa = PBXFileReference; lastKnownFileType = sourcecode.swift; path = Navbar.swift; sourceTree = "<group>"; };
		8FBE08072958D9CE0076AC2D /* AktionenView.swift */ = {isa = PBXFileReference; lastKnownFileType = sourcecode.swift; path = AktionenView.swift; sourceTree = "<group>"; };
		8FBE08092958DA6A0076AC2D /* PersonenActionView.swift */ = {isa = PBXFileReference; lastKnownFileType = sourcecode.swift; path = PersonenActionView.swift; sourceTree = "<group>"; };
		8FBE080B2958ECDE0076AC2D /* StatsView.swift */ = {isa = PBXFileReference; lastKnownFileType = sourcecode.swift; path = StatsView.swift; sourceTree = "<group>"; };
		8FC643CD297D7530004D3CBB /* verarbeiteZahlungen.swift */ = {isa = PBXFileReference; lastKnownFileType = sourcecode.swift; path = verarbeiteZahlungen.swift; sourceTree = "<group>"; };
		8FC643CF297D7891004D3CBB /* ZahlungsImportOptionen.swift */ = {isa = PBXFileReference; lastKnownFileType = sourcecode.swift; path = ZahlungsImportOptionen.swift; sourceTree = "<group>"; };
		8FD6455B294CFD7C00D746F8 /* EmailManager.swift */ = {isa = PBXFileReference; lastKnownFileType = sourcecode.swift; path = EmailManager.swift; sourceTree = "<group>"; };
		8FD6455E294D014700D746F8 /* secrets.swift */ = {isa = PBXFileReference; lastKnownFileType = sourcecode.swift; path = secrets.swift; sourceTree = "<group>"; };
		8FD69E4229565A4D001F4787 /* Q2er.swift */ = {isa = PBXFileReference; lastKnownFileType = sourcecode.swift; path = Q2er.swift; sourceTree = "<group>"; };
		8FD69E4429565A55001F4787 /* Lehrer.swift */ = {isa = PBXFileReference; lastKnownFileType = sourcecode.swift; path = Lehrer.swift; sourceTree = "<group>"; };
		8FD9C4EE2967143600E78ACB /* Email_Q2_Bezahl.swift */ = {isa = PBXFileReference; lastKnownFileType = sourcecode.swift; path = Email_Q2_Bezahl.swift; sourceTree = "<group>"; };
		8FD9C4F02967427B00E78ACB /* Aktion_sendeBezahlEmail.swift */ = {isa = PBXFileReference; lastKnownFileType = sourcecode.swift; path = Aktion_sendeBezahlEmail.swift; sourceTree = "<group>"; };
		8FE0073C295880E700E1B355 /* Extensions.swift */ = {isa = PBXFileReference; lastKnownFileType = sourcecode.swift; path = Extensions.swift; sourceTree = "<group>"; };
		8FE0073E2958857400E1B355 /* Ticket.swift */ = {isa = PBXFileReference; lastKnownFileType = sourcecode.swift; path = Ticket.swift; sourceTree = "<group>"; };
		8FE0074029589B1E00E1B355 /* TicketRenderer.swift */ = {isa = PBXFileReference; lastKnownFileType = sourcecode.swift; path = TicketRenderer.swift; sourceTree = "<group>"; };
		8FEB26132964B8550032FDE8 /* ScannerView.swift */ = {isa = PBXFileReference; lastKnownFileType = sourcecode.swift; path = ScannerView.swift; sourceTree = "<group>"; };
		8FFBA2FA2968188A005E5A57 /* Email_Q2_Form.swift */ = {isa = PBXFileReference; lastKnownFileType = sourcecode.swift; path = Email_Q2_Form.swift; sourceTree = "<group>"; };
		8FFBA2FC296819BA005E5A57 /* TicketGenerator.swift */ = {isa = PBXFileReference; lastKnownFileType = sourcecode.swift; path = TicketGenerator.swift; sourceTree = "<group>"; };
		8FFBA2FE29681A8E005E5A57 /* Email_Q2_Ticket.swift */ = {isa = PBXFileReference; lastKnownFileType = sourcecode.swift; path = Email_Q2_Ticket.swift; sourceTree = "<group>"; };
		8FFBA30029681B9E005E5A57 /* Codable_Verwaltung.swift */ = {isa = PBXFileReference; lastKnownFileType = sourcecode.swift; path = Codable_Verwaltung.swift; sourceTree = "<group>"; };
		8FFBA30229681DC5005E5A57 /* Aktion_verteileItems.swift */ = {isa = PBXFileReference; lastKnownFileType = sourcecode.swift; path = Aktion_verteileItems.swift; sourceTree = "<group>"; };
		8FFBA30529689210005E5A57 /* BallTicketBackground.swift */ = {isa = PBXFileReference; lastKnownFileType = sourcecode.swift; path = BallTicketBackground.swift; sourceTree = "<group>"; };
		8FFBA30729689493005E5A57 /* Email_LE_Form.swift */ = {isa = PBXFileReference; lastKnownFileType = sourcecode.swift; path = Email_LE_Form.swift; sourceTree = "<group>"; };
		8FFBA309296894A1005E5A57 /* Email_LE_Bezahl.swift */ = {isa = PBXFileReference; lastKnownFileType = sourcecode.swift; path = Email_LE_Bezahl.swift; sourceTree = "<group>"; };
		8FFBA30B296894B1005E5A57 /* Email_LE_Ticket.swift */ = {isa = PBXFileReference; lastKnownFileType = sourcecode.swift; path = Email_LE_Ticket.swift; sourceTree = "<group>"; };
/* End PBXFileReference section */

/* Begin PBXFrameworksBuildPhase section */
		8F7FB83D295E3AD6001EC0C0 /* Frameworks */ = {
			isa = PBXFrameworksBuildPhase;
			buildActionMask = 2147483647;
			files = (
			);
			runOnlyForDeploymentPostprocessing = 0;
		};
		8FA6038D2948CE99001CC2D2 /* Frameworks */ = {
			isa = PBXFrameworksBuildPhase;
			buildActionMask = 2147483647;
			files = (
				8F128AF2294D0BCA002D3801 /* CodeScanner in Frameworks */,
				8FA1C123297D7CE90049EB21 /* SwiftCSV in Frameworks */,
				8F7B13E7296337A600B04F9D /* QRCodeGenerator in Frameworks */,
				8FD6455A294CFD6E00D746F8 /* SwiftSMTP in Frameworks */,
			);
			runOnlyForDeploymentPostprocessing = 0;
		};
/* End PBXFrameworksBuildPhase section */

/* Begin PBXGroup section */
		8F2B670E294F997200C8FA2C /* Views */ = {
			isa = PBXGroup;
			children = (
				8FA603932948CE99001CC2D2 /* VerkaufsTrackerApp.swift */,
				8FA603952948CE99001CC2D2 /* DebugView.swift */,
				8F2B670F294F998100C8FA2C /* PersonenView.swift */,
				8F2B6711294F9C7F00C8FA2C /* PersonDetailView.swift */,
				8FBE08072958D9CE0076AC2D /* AktionenView.swift */,
				8FBE08092958DA6A0076AC2D /* PersonenActionView.swift */,
				8FBE080B2958ECDE0076AC2D /* StatsView.swift */,
				8F8521F42959E27400854E16 /* AktionLogView.swift */,
				8F8521F8295A2B2100854E16 /* CloudView.swift */,
				8FEB26132964B8550032FDE8 /* ScannerView.swift */,
				8FBE08052958D6D00076AC2D /* Navbar.swift */,
				8FA407FF2969A73B005BC839 /* DataImportView.swift */,
				8FC643CF297D7891004D3CBB /* ZahlungsImportOptionen.swift */,
			);
			path = Views;
			sourceTree = "<group>";
		};
		8F68425329550B0B00557BB6 /* Firebase */ = {
			isa = PBXGroup;
			children = (
				8F68425429550B1600557BB6 /* CloudAccess.swift */,
				8F68A589295B1CD900CAFAD6 /* CloudAvailability.swift */,
				8FFBA30029681B9E005E5A57 /* Codable_Verwaltung.swift */,
			);
			path = Firebase;
			sourceTree = "<group>";
		};
		8F7FB047294E4262005F4551 /* Email */ = {
			isa = PBXGroup;
			children = (
				8FD6455B294CFD7C00D746F8 /* EmailManager.swift */,
				8F7FB048294E4297005F4551 /* FormularMail.swift */,
			);
			path = Email;
			sourceTree = "<group>";
		};
		8F7FB841295E3AD6001EC0C0 /* ReadLog */ = {
			isa = PBXGroup;
			children = (
				8F7FB847295E3AEB001EC0C0 /* ReadLog.entitlements */,
				8F7FB842295E3AD6001EC0C0 /* main.swift */,
			);
			path = ReadLog;
			sourceTree = "<group>";
		};
		8FA603872948CE99001CC2D2 = {
			isa = PBXGroup;
			children = (
				8FA603922948CE99001CC2D2 /* VerkaufsTracker */,
				8F7FB841295E3AD6001EC0C0 /* ReadLog */,
				8FA603912948CE99001CC2D2 /* Products */,
			);
			sourceTree = "<group>";
		};
		8FA603912948CE99001CC2D2 /* Products */ = {
			isa = PBXGroup;
			children = (
				8FA603902948CE99001CC2D2 /* VerkaufsTracker.app */,
				8F7FB840295E3AD6001EC0C0 /* ReadLog */,
			);
			name = Products;
			sourceTree = "<group>";
		};
		8FA603922948CE99001CC2D2 /* VerkaufsTracker */ = {
			isa = PBXGroup;
			children = (
				8FFBA2F9296817DB005E5A57 /* EmailsGenerieren */,
				8FFBA2F8296817A9005E5A57 /* TicketGenerator */,
				8FFBA2F72968174C005E5A57 /* Aktionen */,
				8F68425329550B0B00557BB6 /* Firebase */,
				8F2B670E294F997200C8FA2C /* Views */,
				8F7FB047294E4262005F4551 /* Email */,
				8F128AF3294D0C74002D3801 /* Info.plist */,
				8FA603A22948CEDC001CC2D2 /* Structs */,
				8FA603972948CE9A001CC2D2 /* Assets.xcassets */,
				8FA603992948CE9A001CC2D2 /* VerkaufsTracker.entitlements */,
				8FA6039A2948CE9A001CC2D2 /* Preview Content */,
				8FD6455E294D014700D746F8 /* secrets.swift */,
				8FE0073C295880E700E1B355 /* Extensions.swift */,
			);
			path = VerkaufsTracker;
			sourceTree = "<group>";
		};
		8FA6039A2948CE9A001CC2D2 /* Preview Content */ = {
			isa = PBXGroup;
			children = (
				8FA6039B2948CE9A001CC2D2 /* Preview Assets.xcassets */,
			);
			path = "Preview Content";
			sourceTree = "<group>";
		};
		8FA603A22948CEDC001CC2D2 /* Structs */ = {
			isa = PBXGroup;
			children = (
				8FD69E4129565A3E001F4787 /* Person */,
				8FA603A52948D02E001CC2D2 /* Item.swift */,
				8FA603A72948D31B001CC2D2 /* Zahlungen.swift */,
				8F68425629550BC300557BB6 /* Verwaltung.swift */,
				8FE0073E2958857400E1B355 /* Ticket.swift */,
				8F80BCB42975E89300E733B1 /* personenExportieren.swift */,
				8FC643CD297D7530004D3CBB /* verarbeiteZahlungen.swift */,
			);
			path = Structs;
			sourceTree = "<group>";
		};
		8FD69E4129565A3E001F4787 /* Person */ = {
			isa = PBXGroup;
			children = (
				8FA603A32948CFA5001CC2D2 /* Person.swift */,
				8FD69E4229565A4D001F4787 /* Q2er.swift */,
				8FD69E4429565A55001F4787 /* Lehrer.swift */,
			);
			path = Person;
			sourceTree = "<group>";
		};
		8FFBA2F72968174C005E5A57 /* Aktionen */ = {
			isa = PBXGroup;
			children = (
				8F8521F02959DB0600854E16 /* AktionObserver.swift */,
				8F8521F22959DB5500854E16 /* Aktion_sendFormEmails.swift */,
				8F8521F62959E49200854E16 /* Aktion_fetchFromGoogleForm.swift */,
				8F794F2B295CD8C1007B16EB /* Aktion_sendTickets.swift */,
				8F794F30295CF22F007B16EB /* Aktion_ImportTransaktionen.swift */,
				8F99E9AC295E15E9003B79DD /* Aktion_FuelleTickets.swift */,
				8FD9C4F02967427B00E78ACB /* Aktion_sendeBezahlEmail.swift */,
				8FFBA30229681DC5005E5A57 /* Aktion_verteileItems.swift */,
				8FA408012969D4CE005BC839 /* Aktion_Valid.swift */,
				8FBA1BF0298040F900C4559B /* Aktion_sendeAngekommen.swift */,
			);
			path = Aktionen;
			sourceTree = "<group>";
		};
		8FFBA2F8296817A9005E5A57 /* TicketGenerator */ = {
			isa = PBXGroup;
			children = (
				8FFBA30529689210005E5A57 /* BallTicketBackground.swift */,
				8FA8796D29F5AC7D00C58A82 /* ASPTicketBackground.swift */,
				8F99E9AE295E2845003B79DD /* Crypto.swift */,
				8F128AF4294D1BF5002D3801 /* TicketCodes.swift */,
				8FE0074029589B1E00E1B355 /* TicketRenderer.swift */,
				8FA8796F29F5AD6800C58A82 /* SchullogoSVG.swift */,
				8FFBA2FC296819BA005E5A57 /* TicketGenerator.swift */,
			);
			path = TicketGenerator;
			sourceTree = "<group>";
		};
		8FFBA2F9296817DB005E5A57 /* EmailsGenerieren */ = {
			isa = PBXGroup;
			children = (
				8FD9C4EE2967143600E78ACB /* Email_Q2_Bezahl.swift */,
				8FFBA2FA2968188A005E5A57 /* Email_Q2_Form.swift */,
				8FFBA2FE29681A8E005E5A57 /* Email_Q2_Ticket.swift */,
				8FFBA30729689493005E5A57 /* Email_LE_Form.swift */,
				8FFBA309296894A1005E5A57 /* Email_LE_Bezahl.swift */,
				8FFBA30B296894B1005E5A57 /* Email_LE_Ticket.swift */,
				8F2DAE15297F272000B61A22 /* Email_Q2_Angekommen.swift */,
				8FB1EDB429806E4B00DB37DB /* Email_LE_Angekommen.swift */,
			);
			path = EmailsGenerieren;
			sourceTree = "<group>";
		};
/* End PBXGroup section */

/* Begin PBXNativeTarget section */
		8F7FB83F295E3AD6001EC0C0 /* ReadLog */ = {
			isa = PBXNativeTarget;
			buildConfigurationList = 8F7FB846295E3AD6001EC0C0 /* Build configuration list for PBXNativeTarget "ReadLog" */;
			buildPhases = (
				8F7FB83C295E3AD6001EC0C0 /* Sources */,
				8F7FB83D295E3AD6001EC0C0 /* Frameworks */,
				8F7FB83E295E3AD6001EC0C0 /* CopyFiles */,
			);
			buildRules = (
			);
			dependencies = (
			);
			name = ReadLog;
			productName = ReadLog;
			productReference = 8F7FB840295E3AD6001EC0C0 /* ReadLog */;
			productType = "com.apple.product-type.tool";
		};
		8FA6038F2948CE99001CC2D2 /* VerkaufsTracker */ = {
			isa = PBXNativeTarget;
			buildConfigurationList = 8FA6039F2948CE9A001CC2D2 /* Build configuration list for PBXNativeTarget "VerkaufsTracker" */;
			buildPhases = (
				8FA6038C2948CE99001CC2D2 /* Sources */,
				8FA6038D2948CE99001CC2D2 /* Frameworks */,
				8FA6038E2948CE99001CC2D2 /* Resources */,
			);
			buildRules = (
			);
			dependencies = (
			);
			name = VerkaufsTracker;
			packageProductDependencies = (
				8FD64559294CFD6E00D746F8 /* SwiftSMTP */,
				8F128AF1294D0BCA002D3801 /* CodeScanner */,
				8F7B13E6296337A600B04F9D /* QRCodeGenerator */,
				8FA1C122297D7CE90049EB21 /* SwiftCSV */,
			);
			productName = VerkaufsTracker;
			productReference = 8FA603902948CE99001CC2D2 /* VerkaufsTracker.app */;
			productType = "com.apple.product-type.application";
		};
/* End PBXNativeTarget section */

/* Begin PBXProject section */
		8FA603882948CE99001CC2D2 /* Project object */ = {
			isa = PBXProject;
			attributes = {
				BuildIndependentTargetsInParallel = 1;
				LastSwiftUpdateCheck = 1400;
				LastUpgradeCheck = 1400;
				TargetAttributes = {
					8F7FB83F295E3AD6001EC0C0 = {
						CreatedOnToolsVersion = 14.0.1;
					};
					8FA6038F2948CE99001CC2D2 = {
						CreatedOnToolsVersion = 14.0.1;
					};
				};
			};
			buildConfigurationList = 8FA6038B2948CE99001CC2D2 /* Build configuration list for PBXProject "VerkaufsTracker" */;
			compatibilityVersion = "Xcode 14.0";
			developmentRegion = en;
			hasScannedForEncodings = 0;
			knownRegions = (
				en,
				Base,
			);
			mainGroup = 8FA603872948CE99001CC2D2;
			packageReferences = (
				8FD64558294CFD6E00D746F8 /* XCRemoteSwiftPackageReference "Swift-SMTP" */,
				8F128AF0294D0BCA002D3801 /* XCRemoteSwiftPackageReference "CodeScanner" */,
				8F7B13E5296337A600B04F9D /* XCRemoteSwiftPackageReference "swift-qrcode-generator" */,
				8FA1C121297D7CE90049EB21 /* XCRemoteSwiftPackageReference "SwiftCSV" */,
			);
			productRefGroup = 8FA603912948CE99001CC2D2 /* Products */;
			projectDirPath = "";
			projectRoot = "";
			targets = (
				8FA6038F2948CE99001CC2D2 /* VerkaufsTracker */,
				8F7FB83F295E3AD6001EC0C0 /* ReadLog */,
			);
		};
/* End PBXProject section */

/* Begin PBXResourcesBuildPhase section */
		8FA6038E2948CE99001CC2D2 /* Resources */ = {
			isa = PBXResourcesBuildPhase;
			buildActionMask = 2147483647;
			files = (
				8FA6039C2948CE9A001CC2D2 /* Preview Assets.xcassets in Resources */,
				8FA603982948CE9A001CC2D2 /* Assets.xcassets in Resources */,
			);
			runOnlyForDeploymentPostprocessing = 0;
		};
/* End PBXResourcesBuildPhase section */

/* Begin PBXSourcesBuildPhase section */
		8F7FB83C295E3AD6001EC0C0 /* Sources */ = {
			isa = PBXSourcesBuildPhase;
			buildActionMask = 2147483647;
			files = (
				8FFBA30D2968CAD9005E5A57 /* Crypto.swift in Sources */,
				8F7FB843295E3AD6001EC0C0 /* main.swift in Sources */,
				8F7FB849295E3B2F001EC0C0 /* Extensions.swift in Sources */,
				8F7FB848295E3AFC001EC0C0 /* secrets.swift in Sources */,
			);
			runOnlyForDeploymentPostprocessing = 0;
		};
		8FA6038C2948CE99001CC2D2 /* Sources */ = {
			isa = PBXSourcesBuildPhase;
			buildActionMask = 2147483647;
			files = (
				8FA408002969A73B005BC839 /* DataImportView.swift in Sources */,
				8FBE080C2958ECDE0076AC2D /* StatsView.swift in Sources */,
				8FA408022969D4CE005BC839 /* Aktion_Valid.swift in Sources */,
				8FD69E4529565A55001F4787 /* Lehrer.swift in Sources */,
				8F99E9AD295E15E9003B79DD /* Aktion_FuelleTickets.swift in Sources */,
				8FBA1BF1298040F900C4559B /* Aktion_sendeAngekommen.swift in Sources */,
				8FFBA2FF29681A8E005E5A57 /* Email_Q2_Ticket.swift in Sources */,
				8F794F31295CF22F007B16EB /* Aktion_ImportTransaktionen.swift in Sources */,
				8FBE08082958D9CE0076AC2D /* AktionenView.swift in Sources */,
				8FA8797029F5AD6800C58A82 /* SchullogoSVG.swift in Sources */,
				8FD9C4F12967427B00E78ACB /* Aktion_sendeBezahlEmail.swift in Sources */,
				8F2B6710294F998100C8FA2C /* PersonenView.swift in Sources */,
				8FFBA30A296894A1005E5A57 /* Email_LE_Bezahl.swift in Sources */,
				8F8521F12959DB0600854E16 /* AktionObserver.swift in Sources */,
				8F8521F72959E49200854E16 /* Aktion_fetchFromGoogleForm.swift in Sources */,
				8F2DAE16297F272000B61A22 /* Email_Q2_Angekommen.swift in Sources */,
				8F99E9AF295E2845003B79DD /* Crypto.swift in Sources */,
				8FD9C4EF2967143600E78ACB /* Email_Q2_Bezahl.swift in Sources */,
				8FFBA30329681DC5005E5A57 /* Aktion_verteileItems.swift in Sources */,
				8FFBA30129681B9E005E5A57 /* Codable_Verwaltung.swift in Sources */,
				8FEB26142964B8550032FDE8 /* ScannerView.swift in Sources */,
				8FA603A62948D02E001CC2D2 /* Item.swift in Sources */,
				8FD6455F294D014700D746F8 /* secrets.swift in Sources */,
				8FBE080A2958DA6A0076AC2D /* PersonenActionView.swift in Sources */,
				8F794F2C295CD8C1007B16EB /* Aktion_sendTickets.swift in Sources */,
				8F8521F32959DB5500854E16 /* Aktion_sendFormEmails.swift in Sources */,
				8F7FB049294E4297005F4551 /* FormularMail.swift in Sources */,
				8F68425529550B1600557BB6 /* CloudAccess.swift in Sources */,
				8FC643CE297D7530004D3CBB /* verarbeiteZahlungen.swift in Sources */,
				8FFBA30C296894B1005E5A57 /* Email_LE_Ticket.swift in Sources */,
				8FFBA2FB2968188A005E5A57 /* Email_Q2_Form.swift in Sources */,
				8F68A58A295B1CD900CAFAD6 /* CloudAvailability.swift in Sources */,
				8FFBA30629689210005E5A57 /* BallTicketBackground.swift in Sources */,
				8F80BCB52975E89300E733B1 /* personenExportieren.swift in Sources */,
				8FD6455C294CFD7C00D746F8 /* EmailManager.swift in Sources */,
				8FA8796E29F5AC7D00C58A82 /* ASPTicketBackground.swift in Sources */,
				8FA603A42948CFA5001CC2D2 /* Person.swift in Sources */,
				8F128AF5294D1BF5002D3801 /* TicketCodes.swift in Sources */,
				8FBE08062958D6D00076AC2D /* Navbar.swift in Sources */,
				8FA603A82948D31B001CC2D2 /* Zahlungen.swift in Sources */,
				8FA603962948CE99001CC2D2 /* DebugView.swift in Sources */,
				8F8521F52959E27400854E16 /* AktionLogView.swift in Sources */,
				8FE0073D295880E700E1B355 /* Extensions.swift in Sources */,
				8FB1EDB529806E4B00DB37DB /* Email_LE_Angekommen.swift in Sources */,
				8FE0074129589B1E00E1B355 /* TicketRenderer.swift in Sources */,
				8FC643D0297D7891004D3CBB /* ZahlungsImportOptionen.swift in Sources */,
				8F8521F9295A2B2100854E16 /* CloudView.swift in Sources */,
				8FFBA2FD296819BA005E5A57 /* TicketGenerator.swift in Sources */,
				8F2B6712294F9C7F00C8FA2C /* PersonDetailView.swift in Sources */,
				8FE0073F2958857400E1B355 /* Ticket.swift in Sources */,
				8FD69E4329565A4D001F4787 /* Q2er.swift in Sources */,
				8FA603942948CE99001CC2D2 /* VerkaufsTrackerApp.swift in Sources */,
				8F68425729550BC300557BB6 /* Verwaltung.swift in Sources */,
				8FFBA30829689493005E5A57 /* Email_LE_Form.swift in Sources */,
			);
			runOnlyForDeploymentPostprocessing = 0;
		};
/* End PBXSourcesBuildPhase section */

/* Begin XCBuildConfiguration section */
		8F7FB844295E3AD6001EC0C0 /* Debug */ = {
			isa = XCBuildConfiguration;
			buildSettings = {
				CODE_SIGN_ENTITLEMENTS = ReadLog/ReadLog.entitlements;
				CODE_SIGN_STYLE = Automatic;
				DEVELOPMENT_TEAM = "";
				ENABLE_HARDENED_RUNTIME = NO;
				MACOSX_DEPLOYMENT_TARGET = 12.3;
				PRODUCT_BUNDLE_IDENTIFIER = bene.verkaufstracker.readlog;
				PRODUCT_NAME = "$(TARGET_NAME)";
				SDKROOT = macosx;
				SWIFT_VERSION = 5.0;
			};
			name = Debug;
		};
		8F7FB845295E3AD6001EC0C0 /* Release */ = {
			isa = XCBuildConfiguration;
			buildSettings = {
				CODE_SIGN_ENTITLEMENTS = ReadLog/ReadLog.entitlements;
				CODE_SIGN_STYLE = Automatic;
				DEVELOPMENT_TEAM = "";
				ENABLE_HARDENED_RUNTIME = NO;
				MACOSX_DEPLOYMENT_TARGET = 12.3;
				PRODUCT_BUNDLE_IDENTIFIER = bene.verkaufstracker.readlog;
				PRODUCT_NAME = "$(TARGET_NAME)";
				SDKROOT = macosx;
				SWIFT_VERSION = 5.0;
			};
			name = Release;
		};
		8FA6039D2948CE9A001CC2D2 /* Debug */ = {
			isa = XCBuildConfiguration;
			buildSettings = {
				ALWAYS_SEARCH_USER_PATHS = NO;
				CLANG_ANALYZER_NONNULL = YES;
				CLANG_ANALYZER_NUMBER_OBJECT_CONVERSION = YES_AGGRESSIVE;
				CLANG_CXX_LANGUAGE_STANDARD = "gnu++20";
				CLANG_ENABLE_MODULES = YES;
				CLANG_ENABLE_OBJC_ARC = YES;
				CLANG_ENABLE_OBJC_WEAK = YES;
				CLANG_WARN_BLOCK_CAPTURE_AUTORELEASING = YES;
				CLANG_WARN_BOOL_CONVERSION = YES;
				CLANG_WARN_COMMA = YES;
				CLANG_WARN_CONSTANT_CONVERSION = YES;
				CLANG_WARN_DEPRECATED_OBJC_IMPLEMENTATIONS = YES;
				CLANG_WARN_DIRECT_OBJC_ISA_USAGE = YES_ERROR;
				CLANG_WARN_DOCUMENTATION_COMMENTS = YES;
				CLANG_WARN_EMPTY_BODY = YES;
				CLANG_WARN_ENUM_CONVERSION = YES;
				CLANG_WARN_INFINITE_RECURSION = YES;
				CLANG_WARN_INT_CONVERSION = YES;
				CLANG_WARN_NON_LITERAL_NULL_CONVERSION = YES;
				CLANG_WARN_OBJC_IMPLICIT_RETAIN_SELF = YES;
				CLANG_WARN_OBJC_LITERAL_CONVERSION = YES;
				CLANG_WARN_OBJC_ROOT_CLASS = YES_ERROR;
				CLANG_WARN_QUOTED_INCLUDE_IN_FRAMEWORK_HEADER = YES;
				CLANG_WARN_RANGE_LOOP_ANALYSIS = YES;
				CLANG_WARN_STRICT_PROTOTYPES = YES;
				CLANG_WARN_SUSPICIOUS_MOVE = YES;
				CLANG_WARN_UNGUARDED_AVAILABILITY = YES_AGGRESSIVE;
				CLANG_WARN_UNREACHABLE_CODE = YES;
				CLANG_WARN__DUPLICATE_METHOD_MATCH = YES;
				COPY_PHASE_STRIP = NO;
				DEBUG_INFORMATION_FORMAT = dwarf;
				ENABLE_STRICT_OBJC_MSGSEND = YES;
				ENABLE_TESTABILITY = YES;
				GCC_C_LANGUAGE_STANDARD = gnu11;
				GCC_DYNAMIC_NO_PIC = NO;
				GCC_NO_COMMON_BLOCKS = YES;
				GCC_OPTIMIZATION_LEVEL = 0;
				GCC_PREPROCESSOR_DEFINITIONS = (
					"DEBUG=1",
					"$(inherited)",
				);
				GCC_WARN_64_TO_32_BIT_CONVERSION = YES;
				GCC_WARN_ABOUT_RETURN_TYPE = YES_ERROR;
				GCC_WARN_UNDECLARED_SELECTOR = YES;
				GCC_WARN_UNINITIALIZED_AUTOS = YES_AGGRESSIVE;
				GCC_WARN_UNUSED_FUNCTION = YES;
				GCC_WARN_UNUSED_VARIABLE = YES;
				MTL_ENABLE_DEBUG_INFO = INCLUDE_SOURCE;
				MTL_FAST_MATH = YES;
				ONLY_ACTIVE_ARCH = YES;
				SWIFT_ACTIVE_COMPILATION_CONDITIONS = DEBUG;
				SWIFT_OPTIMIZATION_LEVEL = "-Onone";
			};
			name = Debug;
		};
		8FA6039E2948CE9A001CC2D2 /* Release */ = {
			isa = XCBuildConfiguration;
			buildSettings = {
				ALWAYS_SEARCH_USER_PATHS = NO;
				CLANG_ANALYZER_NONNULL = YES;
				CLANG_ANALYZER_NUMBER_OBJECT_CONVERSION = YES_AGGRESSIVE;
				CLANG_CXX_LANGUAGE_STANDARD = "gnu++20";
				CLANG_ENABLE_MODULES = YES;
				CLANG_ENABLE_OBJC_ARC = YES;
				CLANG_ENABLE_OBJC_WEAK = YES;
				CLANG_WARN_BLOCK_CAPTURE_AUTORELEASING = YES;
				CLANG_WARN_BOOL_CONVERSION = YES;
				CLANG_WARN_COMMA = YES;
				CLANG_WARN_CONSTANT_CONVERSION = YES;
				CLANG_WARN_DEPRECATED_OBJC_IMPLEMENTATIONS = YES;
				CLANG_WARN_DIRECT_OBJC_ISA_USAGE = YES_ERROR;
				CLANG_WARN_DOCUMENTATION_COMMENTS = YES;
				CLANG_WARN_EMPTY_BODY = YES;
				CLANG_WARN_ENUM_CONVERSION = YES;
				CLANG_WARN_INFINITE_RECURSION = YES;
				CLANG_WARN_INT_CONVERSION = YES;
				CLANG_WARN_NON_LITERAL_NULL_CONVERSION = YES;
				CLANG_WARN_OBJC_IMPLICIT_RETAIN_SELF = YES;
				CLANG_WARN_OBJC_LITERAL_CONVERSION = YES;
				CLANG_WARN_OBJC_ROOT_CLASS = YES_ERROR;
				CLANG_WARN_QUOTED_INCLUDE_IN_FRAMEWORK_HEADER = YES;
				CLANG_WARN_RANGE_LOOP_ANALYSIS = YES;
				CLANG_WARN_STRICT_PROTOTYPES = YES;
				CLANG_WARN_SUSPICIOUS_MOVE = YES;
				CLANG_WARN_UNGUARDED_AVAILABILITY = YES_AGGRESSIVE;
				CLANG_WARN_UNREACHABLE_CODE = YES;
				CLANG_WARN__DUPLICATE_METHOD_MATCH = YES;
				COPY_PHASE_STRIP = NO;
				DEBUG_INFORMATION_FORMAT = "dwarf-with-dsym";
				ENABLE_NS_ASSERTIONS = NO;
				ENABLE_STRICT_OBJC_MSGSEND = YES;
				GCC_C_LANGUAGE_STANDARD = gnu11;
				GCC_NO_COMMON_BLOCKS = YES;
				GCC_WARN_64_TO_32_BIT_CONVERSION = YES;
				GCC_WARN_ABOUT_RETURN_TYPE = YES_ERROR;
				GCC_WARN_UNDECLARED_SELECTOR = YES;
				GCC_WARN_UNINITIALIZED_AUTOS = YES_AGGRESSIVE;
				GCC_WARN_UNUSED_FUNCTION = YES;
				GCC_WARN_UNUSED_VARIABLE = YES;
				MTL_ENABLE_DEBUG_INFO = NO;
				MTL_FAST_MATH = YES;
				SWIFT_COMPILATION_MODE = wholemodule;
				SWIFT_OPTIMIZATION_LEVEL = "-O";
			};
			name = Release;
		};
		8FA603A02948CE9A001CC2D2 /* Debug */ = {
			isa = XCBuildConfiguration;
			buildSettings = {
				ASSETCATALOG_COMPILER_APPICON_NAME = AppIcon;
				ASSETCATALOG_COMPILER_GLOBAL_ACCENT_COLOR_NAME = AccentColor;
				CODE_SIGN_ENTITLEMENTS = VerkaufsTracker/VerkaufsTracker.entitlements;
				"CODE_SIGN_IDENTITY[sdk=macosx*]" = "-";
				CODE_SIGN_STYLE = Automatic;
				CURRENT_PROJECT_VERSION = 1;
				DEVELOPMENT_ASSET_PATHS = "\"VerkaufsTracker/Preview Content\"";
				DEVELOPMENT_TEAM = RB2HQ5BP7S;
				ENABLE_HARDENED_RUNTIME = YES;
				ENABLE_PREVIEWS = YES;
				GENERATE_INFOPLIST_FILE = YES;
				INFOPLIST_FILE = VerkaufsTracker/Info.plist;
				INFOPLIST_KEY_CFBundleDisplayName = "Abi-Tracker";
				INFOPLIST_KEY_NSCameraUsageDescription = "Benötigt Zugriff, um QR-Codes zu scannen.";
				"INFOPLIST_KEY_UIApplicationSceneManifest_Generation[sdk=iphoneos*]" = YES;
				"INFOPLIST_KEY_UIApplicationSceneManifest_Generation[sdk=iphonesimulator*]" = YES;
				"INFOPLIST_KEY_UIApplicationSupportsIndirectInputEvents[sdk=iphoneos*]" = YES;
				"INFOPLIST_KEY_UIApplicationSupportsIndirectInputEvents[sdk=iphonesimulator*]" = YES;
				"INFOPLIST_KEY_UILaunchScreen_Generation[sdk=iphoneos*]" = YES;
				"INFOPLIST_KEY_UILaunchScreen_Generation[sdk=iphonesimulator*]" = YES;
				"INFOPLIST_KEY_UIStatusBarStyle[sdk=iphoneos*]" = UIStatusBarStyleDefault;
				"INFOPLIST_KEY_UIStatusBarStyle[sdk=iphonesimulator*]" = UIStatusBarStyleDefault;
				INFOPLIST_KEY_UISupportedInterfaceOrientations_iPad = "UIInterfaceOrientationPortrait UIInterfaceOrientationPortraitUpsideDown UIInterfaceOrientationLandscapeLeft UIInterfaceOrientationLandscapeRight";
				INFOPLIST_KEY_UISupportedInterfaceOrientations_iPhone = "UIInterfaceOrientationPortrait UIInterfaceOrientationLandscapeLeft UIInterfaceOrientationLandscapeRight";
				IPHONEOS_DEPLOYMENT_TARGET = 16.0;
				LD_RUNPATH_SEARCH_PATHS = "@executable_path/Frameworks";
				"LD_RUNPATH_SEARCH_PATHS[sdk=macosx*]" = "@executable_path/../Frameworks";
				MACOSX_DEPLOYMENT_TARGET = 12.3;
				MARKETING_VERSION = 1.0;
				PRODUCT_BUNDLE_IDENTIFIER = benede.VerkaufsTracker.3;
				PRODUCT_NAME = "$(TARGET_NAME)";
				SDKROOT = auto;
				SUPPORTED_PLATFORMS = "iphoneos iphonesimulator macosx";
				SUPPORTS_MACCATALYST = YES;
				SUPPORTS_MAC_DESIGNED_FOR_IPHONE_IPAD = NO;
				SWIFT_EMIT_LOC_STRINGS = YES;
				SWIFT_VERSION = 5.0;
				TARGETED_DEVICE_FAMILY = "1,2";
			};
			name = Debug;
		};
		8FA603A12948CE9A001CC2D2 /* Release */ = {
			isa = XCBuildConfiguration;
			buildSettings = {
				ASSETCATALOG_COMPILER_APPICON_NAME = AppIcon;
				ASSETCATALOG_COMPILER_GLOBAL_ACCENT_COLOR_NAME = AccentColor;
				CODE_SIGN_ENTITLEMENTS = VerkaufsTracker/VerkaufsTracker.entitlements;
				"CODE_SIGN_IDENTITY[sdk=macosx*]" = "-";
				CODE_SIGN_STYLE = Automatic;
				CURRENT_PROJECT_VERSION = 1;
				DEVELOPMENT_ASSET_PATHS = "\"VerkaufsTracker/Preview Content\"";
				DEVELOPMENT_TEAM = RB2HQ5BP7S;
				ENABLE_HARDENED_RUNTIME = YES;
				ENABLE_PREVIEWS = YES;
				GENERATE_INFOPLIST_FILE = YES;
				INFOPLIST_FILE = VerkaufsTracker/Info.plist;
				INFOPLIST_KEY_CFBundleDisplayName = "Abi-Tracker";
				INFOPLIST_KEY_NSCameraUsageDescription = "Benötigt Zugriff, um QR-Codes zu scannen.";
				"INFOPLIST_KEY_UIApplicationSceneManifest_Generation[sdk=iphoneos*]" = YES;
				"INFOPLIST_KEY_UIApplicationSceneManifest_Generation[sdk=iphonesimulator*]" = YES;
				"INFOPLIST_KEY_UIApplicationSupportsIndirectInputEvents[sdk=iphoneos*]" = YES;
				"INFOPLIST_KEY_UIApplicationSupportsIndirectInputEvents[sdk=iphonesimulator*]" = YES;
				"INFOPLIST_KEY_UILaunchScreen_Generation[sdk=iphoneos*]" = YES;
				"INFOPLIST_KEY_UILaunchScreen_Generation[sdk=iphonesimulator*]" = YES;
				"INFOPLIST_KEY_UIStatusBarStyle[sdk=iphoneos*]" = UIStatusBarStyleDefault;
				"INFOPLIST_KEY_UIStatusBarStyle[sdk=iphonesimulator*]" = UIStatusBarStyleDefault;
				INFOPLIST_KEY_UISupportedInterfaceOrientations_iPad = "UIInterfaceOrientationPortrait UIInterfaceOrientationPortraitUpsideDown UIInterfaceOrientationLandscapeLeft UIInterfaceOrientationLandscapeRight";
				INFOPLIST_KEY_UISupportedInterfaceOrientations_iPhone = "UIInterfaceOrientationPortrait UIInterfaceOrientationLandscapeLeft UIInterfaceOrientationLandscapeRight";
				IPHONEOS_DEPLOYMENT_TARGET = 16.0;
				LD_RUNPATH_SEARCH_PATHS = "@executable_path/Frameworks";
				"LD_RUNPATH_SEARCH_PATHS[sdk=macosx*]" = "@executable_path/../Frameworks";
				MACOSX_DEPLOYMENT_TARGET = 12.3;
				MARKETING_VERSION = 1.0;
				PRODUCT_BUNDLE_IDENTIFIER = benede.VerkaufsTracker.3;
				PRODUCT_NAME = "$(TARGET_NAME)";
				SDKROOT = auto;
				SUPPORTED_PLATFORMS = "iphoneos iphonesimulator macosx";
				SUPPORTS_MACCATALYST = YES;
				SUPPORTS_MAC_DESIGNED_FOR_IPHONE_IPAD = NO;
				SWIFT_EMIT_LOC_STRINGS = YES;
				SWIFT_VERSION = 5.0;
				TARGETED_DEVICE_FAMILY = "1,2";
			};
			name = Release;
		};
/* End XCBuildConfiguration section */

/* Begin XCConfigurationList section */
		8F7FB846295E3AD6001EC0C0 /* Build configuration list for PBXNativeTarget "ReadLog" */ = {
			isa = XCConfigurationList;
			buildConfigurations = (
				8F7FB844295E3AD6001EC0C0 /* Debug */,
				8F7FB845295E3AD6001EC0C0 /* Release */,
			);
			defaultConfigurationIsVisible = 0;
			defaultConfigurationName = Release;
		};
		8FA6038B2948CE99001CC2D2 /* Build configuration list for PBXProject "VerkaufsTracker" */ = {
			isa = XCConfigurationList;
			buildConfigurations = (
				8FA6039D2948CE9A001CC2D2 /* Debug */,
				8FA6039E2948CE9A001CC2D2 /* Release */,
			);
			defaultConfigurationIsVisible = 0;
			defaultConfigurationName = Release;
		};
		8FA6039F2948CE9A001CC2D2 /* Build configuration list for PBXNativeTarget "VerkaufsTracker" */ = {
			isa = XCConfigurationList;
			buildConfigurations = (
				8FA603A02948CE9A001CC2D2 /* Debug */,
				8FA603A12948CE9A001CC2D2 /* Release */,
			);
			defaultConfigurationIsVisible = 0;
			defaultConfigurationName = Release;
		};
/* End XCConfigurationList section */

/* Begin XCRemoteSwiftPackageReference section */
		8F128AF0294D0BCA002D3801 /* XCRemoteSwiftPackageReference "CodeScanner" */ = {
			isa = XCRemoteSwiftPackageReference;
			repositoryURL = "https://github.com/twostraws/CodeScanner";
			requirement = {
				kind = upToNextMajorVersion;
				minimumVersion = 2.0.0;
			};
		};
		8F7B13E5296337A600B04F9D /* XCRemoteSwiftPackageReference "swift-qrcode-generator" */ = {
			isa = XCRemoteSwiftPackageReference;
			repositoryURL = "https://github.com/fwcd/swift-qrcode-generator.git";
			requirement = {
				branch = main;
				kind = branch;
			};
		};
		8FA1C121297D7CE90049EB21 /* XCRemoteSwiftPackageReference "SwiftCSV" */ = {
			isa = XCRemoteSwiftPackageReference;
			repositoryURL = "https://github.com/swiftcsv/SwiftCSV.git";
			requirement = {
				branch = master;
				kind = branch;
			};
		};
		8FD64558294CFD6E00D746F8 /* XCRemoteSwiftPackageReference "Swift-SMTP" */ = {
			isa = XCRemoteSwiftPackageReference;
			repositoryURL = "https://github.com/Kitura/Swift-SMTP";
			requirement = {
				kind = upToNextMajorVersion;
				minimumVersion = 6.0.0;
			};
		};
/* End XCRemoteSwiftPackageReference section */

/* Begin XCSwiftPackageProductDependency section */
		8F128AF1294D0BCA002D3801 /* CodeScanner */ = {
			isa = XCSwiftPackageProductDependency;
			package = 8F128AF0294D0BCA002D3801 /* XCRemoteSwiftPackageReference "CodeScanner" */;
			productName = CodeScanner;
		};
		8F7B13E6296337A600B04F9D /* QRCodeGenerator */ = {
			isa = XCSwiftPackageProductDependency;
			package = 8F7B13E5296337A600B04F9D /* XCRemoteSwiftPackageReference "swift-qrcode-generator" */;
			productName = QRCodeGenerator;
		};
		8FA1C122297D7CE90049EB21 /* SwiftCSV */ = {
			isa = XCSwiftPackageProductDependency;
			package = 8FA1C121297D7CE90049EB21 /* XCRemoteSwiftPackageReference "SwiftCSV" */;
			productName = SwiftCSV;
		};
		8FD64559294CFD6E00D746F8 /* SwiftSMTP */ = {
			isa = XCSwiftPackageProductDependency;
			package = 8FD64558294CFD6E00D746F8 /* XCRemoteSwiftPackageReference "Swift-SMTP" */;
			productName = SwiftSMTP;
		};
/* End XCSwiftPackageProductDependency section */
	};
	rootObject = 8FA603882948CE99001CC2D2 /* Project object */;
}
